{
  "object": {
    "pins": [
      {
        "package": "Cartography",
        "repositoryURL": "https://github.com/wireapp/Cartography",
        "state": {
          "branch": "feature/SPM",
          "revision": "0f1f81c17a33591a50b9327505c90408f56a0b90",
          "version": null
        }
      },
      {
        "package": "SnapshotTesting",
        "repositoryURL": "https://github.com/wireapp/swift-snapshot-testing",
        "state": {
          "branch": null,
          "revision": "114882386a815f4a2e6d8f2f7ee4857acd372438",
          "version": "1.7.2"
        }
      }
    ]
  },
  "version": 1
}
