<?xml version="1.0" encoding="UTF-8"?>
<Scheme
   LastUpgradeVersion = "1000"
   version = "1.3">
   <BuildAction
      parallelizeBuildables = "YES"
      buildImplicitDependencies = "YES">
      <BuildActionEntries>
         <BuildActionEntry
            buildForTesting = "YES"
            buildForRunning = "YES"
            buildForProfiling = "YES"
            buildForArchiving = "YES"
            buildForAnalyzing = "YES">
            <BuildableReference
               BuildableIdentifier = "primary"
               BlueprintIdentifier = "8F42C537199244A700288E4D"
               BuildableName = "Wire.app"
               BlueprintName = "Wire-iOS"
               ReferencedContainer = "container:Wire-iOS.xcodeproj">
            </BuildableReference>
         </BuildActionEntry>
      </BuildActionEntries>
   </BuildAction>
   <TestAction
      buildConfiguration = "Debug"
      selectedDebuggerIdentifier = "Xcode.DebuggerFoundation.Debugger.LLDB"
      selectedLauncherIdentifier = "Xcode.DebuggerFoundation.Launcher.LLDB"
      disableMainThreadChecker = "YES"
      codeCoverageEnabled = "YES"
      shouldUseLaunchSchemeArgsEnv = "YES">
      <Testables>
         <TestableReference
            skipped = "NO">
            <BuildableReference
               BuildableIdentifier = "primary"
               BlueprintIdentifier = "BACB88501AF7C48900DDCDB0"
               BuildableName = "Wire-iOS-Tests.xctest"
               BlueprintName = "Wire-iOS-Tests"
               ReferencedContainer = "container:Wire-iOS.xcodeproj">
            </BuildableReference>
            <SkippedTests>
               <Test
                  Identifier = "AccessoryTextFieldValidateionTests">
               </Test>
               <Test
                  Identifier = "AccountViewTests">
               </Test>
               <Test
                  Identifier = "AddParticipantsViewControllerSnapshotTests">
               </Test>
               <Test
                  Identifier = "AggregateArrayTests">
               </Test>
               <Test
                  Identifier = "AnalyticsMixpanelProviderTests">
               </Test>
               <Test
                  Identifier = "AnalyticsTests">
               </Test>
               <Test
                  Identifier = "AppLockViewSnapshotTests">
               </Test>
               <Test
                  Identifier = "AppStateControllerTests">
               </Test>
               <Test
                  Identifier = "ArchivedNavigationBarTests">
               </Test>
               <Test
                  Identifier = "ArticleViewTests">
               </Test>
               <Test
                  Identifier = "AudioButtonOverlayTests">
               </Test>
               <Test
                  Identifier = "AudioEffectsPickerViewControllerTests">
               </Test>
               <Test
                  Identifier = "AudioMessageCellTests">
               </Test>
               <Test
                  Identifier = "AudioMessageViewTests">
               </Test>
               <Test
                  Identifier = "AudioProcessingTests">
               </Test>
               <Test
                  Identifier = "AudioRecordKeyboardViewControllerTests">
               </Test>
               <Test
                  Identifier = "AudioRecordViewControllerTests">
               </Test>
               <Test
                  Identifier = "AvailabilityLabelTests">
               </Test>
               <Test
                  Identifier = "AvailabilityTitleViewTests">
               </Test>
               <Test
                  Identifier = "BackgroundViewControllerTests">
               </Test>
               <Test
                  Identifier = "BackupPasswordViewControllerTests">
               </Test>
               <Test
                  Identifier = "BackupViewControllerTests">
               </Test>
               <Test
                  Identifier = "CallActionsViewTests">
               </Test>
               <Test
                  Identifier = "CallHapticsControllerTests">
               </Test>
               <Test
                  Identifier = "CallInfoConfigurationTests">
               </Test>
               <Test
                  Identifier = "CallInfoRootViewControllerTests">
               </Test>
               <Test
                  Identifier = "CallParticipantsViewTests">
               </Test>
               <Test
                  Identifier = "CallQualityControllerTests">
               </Test>
               <Test
                  Identifier = "CallStatusViewTests">
               </Test>
               <Test
                  Identifier = "CallSystemMessageTests">
               </Test>
               <Test
                  Identifier = "CallViewControllerGestureTests">
               </Test>
               <Test
                  Identifier = "CallViewControllerTests">
               </Test>
               <Test
                  Identifier = "CameraKeyboardViewControllerTests">
               </Test>
               <Test
                  Identifier = "CanvasViewControllerTests">
               </Test>
               <Test
                  Identifier = "ChangeHandleViewControllerTests">
               </Test>
               <Test
                  Identifier = "CharacterInputFieldTests">
               </Test>
               <Test
                  Identifier = "CheckmarkCellTests">
               </Test>
               <Test
                  Identifier = "ClientListViewControllerTests">
               </Test>
               <Test
                  Identifier = "CollectionsViewControllerTests">
               </Test>
               <Test
                  Identifier = "ColorSchemeControllerTests">
               </Test>
               <Test
                  Identifier = "CombinationTestTest">
               </Test>
               <Test
                  Identifier = "ConfirmAssetViewControllerTests">
               </Test>
               <Test
                  Identifier = "ConfirmEmailViewControllerTests">
               </Test>
               <Test
                  Identifier = "ConfirmPhoneViewControllerTests">
               </Test>
               <Test
                  Identifier = "ContactsCellSnapshotTests">
               </Test>
               <Test
                  Identifier = "ContactsDataSourceTests">
               </Test>
               <Test
                  Identifier = "ConversationAvatarViewTests">
               </Test>
               <Test
                  Identifier = "ConversationCellTests">
               </Test>
               <Test
                  Identifier = "ConversationCreationControllerSnapshotTests">
               </Test>
               <Test
                  Identifier = "ConversationImagesViewControllerTests">
               </Test>
               <Test
                  Identifier = "ConversationInputBarViewControllerTests">
               </Test>
               <Test
                  Identifier = "ConversationListAccessoryViewTests">
               </Test>
               <Test
                  Identifier = "ConversationListBottomBarControllerTests">
               </Test>
               <Test
                  Identifier = "ConversationListCellTests">
               </Test>
               <Test
                  Identifier = "ConversationListViewControllerTests">
               </Test>
               <Test
                  Identifier = "ConversationOptionsViewControllerTests">
               </Test>
               <Test
                  Identifier = "ConversationRenamedCellTests">
               </Test>
               <Test
                  Identifier = "ConversationStatusLineTests">
               </Test>
               <Test
                  Identifier = "ConversationStatusTests">
               </Test>
               <Test
                  Identifier = "ConversationTitleViewTests">
               </Test>
               <Test
                  Identifier = "CountryCodeTableViewControllerTests">
               </Test>
               <Test
                  Identifier = "DateFormatterTests">
               </Test>
               <Test
                  Identifier = "DecodeImageOperationTests">
               </Test>
               <Test
                  Identifier = "DeleteMessageTests">
               </Test>
               <Test
                  Identifier = "DestructionCountdownViewTests">
               </Test>
               <Test
                  Identifier = "DraftSendInputAccessoryViewTests">
               </Test>
               <Test
                  Identifier = "EmailAdresssValidatorTests">
               </Test>
               <Test
                  Identifier = "EmailVerificationStepViewControllerTests">
               </Test>
               <Test
                  Identifier = "EmojiOnlyStringTests">
               </Test>
               <Test
                  Identifier = "EmoticonSubstitutionConfigurationTests">
               </Test>
               <Test
                  Identifier = "EmptySearchResultsViewTests">
               </Test>
               <Test
                  Identifier = "EphemeralKeyboardViewControllerTests">
               </Test>
               <Test
                  Identifier = "EphemeralTimeoutFormatterTests">
               </Test>
               <Test
                  Identifier = "ExtensionSettingsTests">
               </Test>
               <Test
                  Identifier = "FilePreviewGeneratorTests">
               </Test>
               <Test
                  Identifier = "FileTransferCellTests">
               </Test>
               <Test
                  Identifier = "FontSchemeTests">
               </Test>
               <Test
                  Identifier = "FullscreenImageViewControllerSnapshotTests">
               </Test>
               <Test
                  Identifier = "FullscreenImageViewControllerTests">
               </Test>
               <Test
                  Identifier = "GiphySearchViewControllerSnapshotTests">
               </Test>
               <Test
                  Identifier = "GiphySearchViewControllerTests">
               </Test>
               <Test
                  Identifier = "GridViewTests">
               </Test>
               <Test
                  Identifier = "GroupConversationCellTests">
               </Test>
               <Test
                  Identifier = "GroupDetailsFooterViewTests">
               </Test>
               <Test
                  Identifier = "GroupDetailsTimeoutOptionsCellTests">
               </Test>
               <Test
                  Identifier = "GroupParticipantsDetailViewControllerTests">
               </Test>
               <Test
                  Identifier = "IconLabelButtonTests">
               </Test>
               <Test
                  Identifier = "IconSystemCellTests">
               </Test>
               <Test
                  Identifier = "ImageDownloadCacheTests">
               </Test>
               <Test
                  Identifier = "ImageMessageCellTests">
               </Test>
               <Test
                  Identifier = "ImageMessageViewTests">
               </Test>
               <Test
                  Identifier = "IncomingConnectionViewTests">
               </Test>
               <Test
                  Identifier = "InputBarEditViewTests">
               </Test>
               <Test
                  Identifier = "InputBarTests">
               </Test>
               <Test
                  Identifier = "InviteContactsViewControllerSnapshotTests">
               </Test>
               <Test
                  Identifier = "LandingViewControllerSnapshotTests">
               </Test>
               <Test
                  Identifier = "LandingViewControllerTests">
               </Test>
               <Test
                  Identifier = "LicensesLoaderTests">
               </Test>
               <Test
                  Identifier = "LinkAttachmentTests">
               </Test>
               <Test
                  Identifier = "LinkInteractionTextViewTests">
               </Test>
               <Test
                  Identifier = "LoadingViewControllerTests">
               </Test>
               <Test
                  Identifier = "LocationDataTests">
               </Test>
               <Test
                  Identifier = "LocationMessageCellTests">
               </Test>
               <Test
                  Identifier = "LocationPreviewControllerTests">
               </Test>
               <Test
                  Identifier = "LocationSendViewControllerTests">
               </Test>
               <Test
                  Identifier = "MarkdownTextStorageTests">
               </Test>
               <Test
                  Identifier = "MarkdownTextViewTests">
               </Test>
               <Test
                  Identifier = "MediaPreviewViewControllerTests">
               </Test>
               <Test
                  Identifier = "MentionsHandlerTests">
               </Test>
               <Test
                  Identifier = "MessageDeletedCellTests">
               </Test>
               <Test
                  Identifier = "MessageDestructionTimeoutValueTests">
               </Test>
               <Test
                  Identifier = "MessageDraftTests">
               </Test>
               <Test
                  Identifier = "MessagePresenterTests">
               </Test>
               <Test
                  Identifier = "MessagePreviewViewTests">
               </Test>
               <Test
                  Identifier = "MessageTests">
               </Test>
               <Test
                  Identifier = "MessageTimerSystemMessageTests">
               </Test>
               <Test
                  Identifier = "Message_FormattingTests">
               </Test>
               <Test
                  Identifier = "ModalTopBarTests">
               </Test>
               <Test
                  Identifier = "NSAttributedStringHighlightTests">
               </Test>
               <Test
                  Identifier = "NSData_ImageTypeTests">
               </Test>
               <Test
                  Identifier = "NSStringFingerprintTests">
               </Test>
               <Test
                  Identifier = "NSStringRangeOfStringTests">
               </Test>
               <Test
                  Identifier = "NSString_EmoticonSubstitution">
               </Test>
               <Test
                  Identifier = "NSString_FingerprintTests">
               </Test>
               <Test
                  Identifier = "NSURLWireLocaleTests">
               </Test>
               <Test
                  Identifier = "NetworkStatusViewControllerRetainTests">
               </Test>
               <Test
                  Identifier = "NetworkStatusViewControllerSnapshotTests">
               </Test>
               <Test
                  Identifier = "NetworkStatusViewControllerTests">
               </Test>
               <Test
                  Identifier = "NetworkStatusViewTests">
               </Test>
               <Test
                  Identifier = "NoHistoryViewControllerTests">
               </Test>
               <Test
                  Identifier = "ParticipantDeviceCellTests">
               </Test>
               <Test
                  Identifier = "ParticipantsCellTests">
               </Test>
               <Test
                  Identifier = "PingCellSnapshotTests">
               </Test>
               <Test
                  Identifier = "PingCellTests">
               </Test>
               <Test
                  Identifier = "ProfileClientViewControllerTests">
               </Test>
               <Test
                  Identifier = "ProfilePictureStepViewControllerTests">
               </Test>
               <Test
                  Identifier = "ProfileViewControllerTests">
               </Test>
               <Test
                  Identifier = "RandomGeneratorFromDataTests">
               </Test>
               <Test
                  Identifier = "ReactionsCellTests">
               </Test>
               <Test
                  Identifier = "ReactionsListViewControllerTests">
               </Test>
               <Test
                  Identifier = "RegistrationRootViewControllerSnapshotTests">
               </Test>
               <Test
                  Identifier = "RegistrationTextFieldSnapshotTests">
               </Test>
               <Test
                  Identifier = "SavableImageTests">
               </Test>
               <Test
                  Identifier = "SearchResultLabelTests">
               </Test>
               <Test
                  Identifier = "SelfProfileViewControllerTests">
               </Test>
               <Test
                  Identifier = "SettingsClientViewControllerTests">
               </Test>
               <Test
                  Identifier = "SettingsPropertyTests">
               </Test>
               <Test
                  Identifier = "ShareContactsViewControllerSnapshotTests">
               </Test>
               <Test
                  Identifier = "ShareDestinationCellTests">
               </Test>
               <Test
                  Identifier = "ShareViewControllerTests">
               </Test>
               <Test
                  Identifier = "SignInViewControllerTests">
               </Test>
               <Test
                  Identifier = "SoundEventRulesWatchDogTests">
               </Test>
               <Test
                  Identifier = "SoundcloudAudioTrackTests">
               </Test>
               <Test
                  Identifier = "SoundcloudServiceTests">
               </Test>
               <Test
                  Identifier = "SplitViewControllerTests">
               </Test>
               <Test
                  Identifier = "StartUIViewControllerSnapshotTests">
               </Test>
               <Test
                  Identifier = "StringAllRangesOfStringTests">
               </Test>
               <Test
                  Identifier = "StringRangeOfStringTests">
               </Test>
               <Test
                  Identifier = "TeamCreationFlowControllerSnapshotTests">
               </Test>
               <Test
                  Identifier = "TermsOfUseStepViewControllerSnapshotTests">
               </Test>
               <Test
                  Identifier = "TextFieldValidatorTests">
               </Test>
               <Test
                  Identifier = "TextMessageCellTests">
               </Test>
               <Test
                  Identifier = "TextMessageMentionsTests">
               </Test>
               <Test
                  Identifier = "ThreeDotsLoadingViewTests">
               </Test>
               <Test
                  Identifier = "ThumbnailCreationTests">
               </Test>
               <Test
                  Identifier = "TypingIndicatorViewTests">
               </Test>
               <Test
                  Identifier = "UnknownMessageCellTests">
               </Test>
               <Test
                  Identifier = "UserCellTests">
               </Test>
               <Test
                  Identifier = "UserClientFingerprintTests">
               </Test>
               <Test
                  Identifier = "UserConnectionViewTests">
               </Test>
               <Test
                  Identifier = "UserNameDetailViewTests">
               </Test>
               <Test
                  Identifier = "UserNameTakeOverViewControllerTests">
               </Test>
               <Test
                  Identifier = "UserSearchResultsViewControllerTests">
               </Test>
               <Test
                  Identifier = "VerticalColumnCollectionViewLayoutTests">
               </Test>
               <Test
                  Identifier = "VideoGridViewControllerSnapshotTests">
               </Test>
               <Test
                  Identifier = "VideoMessageCellTests">
               </Test>
               <Test
                  Identifier = "WirelessExpirationTimeFormatterTests">
               </Test>
               <Test
                  Identifier = "YouTubeServiceTests">
               </Test>
               <Test
                  Identifier = "ZMConversationMessageWindowTests">
               </Test>
               <Test
                  Identifier = "ZMSnapshotTestCase">
               </Test>
               <Test
                  Identifier = "ZMUserMentionsTest">
               </Test>
            </SkippedTests>
         </TestableReference>
      </Testables>
      <MacroExpansion>
         <BuildableReference
            BuildableIdentifier = "primary"
            BlueprintIdentifier = "8F42C537199244A700288E4D"
            BuildableName = "Wire.app"
            BlueprintName = "Wire-iOS"
            ReferencedContainer = "container:Wire-iOS.xcodeproj">
         </BuildableReference>
      </MacroExpansion>
      <AdditionalOptions>
      </AdditionalOptions>
   </TestAction>
   <LaunchAction
      buildConfiguration = "Debug"
      selectedDebuggerIdentifier = "Xcode.DebuggerFoundation.Debugger.LLDB"
      selectedLauncherIdentifier = "Xcode.DebuggerFoundation.Launcher.LLDB"
      launchStyle = "0"
      useCustomWorkingDirectory = "NO"
      ignoresPersistentStateOnLaunch = "NO"
      debugDocumentVersioning = "YES"
      debugServiceExtension = "internal"
      allowLocationSimulation = "YES">
      <BuildableProductRunnable
         runnableDebuggingMode = "0">
         <BuildableReference
            BuildableIdentifier = "primary"
            BlueprintIdentifier = "8F42C537199244A700288E4D"
            BuildableName = "Wire.app"
            BlueprintName = "Wire-iOS"
            ReferencedContainer = "container:Wire-iOS.xcodeproj">
         </BuildableReference>
      </BuildableProductRunnable>
      <CommandLineArguments>
         <CommandLineArgument
            argument = "-com.apple.CoreData.ConcurrencyDebug 1"
            isEnabled = "YES">
         </CommandLineArgument>
         <CommandLineArgument
            argument = "--disable-call-quality-survey"
            isEnabled = "NO">
         </CommandLineArgument>
         <CommandLineArgument
            argument = "--debug-data-to-install=/Users/xxxxxxx/Database2.41"
            isEnabled = "NO">
         </CommandLineArgument>
         <CommandLineArgument
            argument = "--addressbook-on-simulator"
            isEnabled = "NO">
         </CommandLineArgument>
         <CommandLineArgument
            argument = "--addressbook-search-delay 20"
            isEnabled = "NO">
         </CommandLineArgument>
         <CommandLineArgument
            argument = "--debug-log-network"
            isEnabled = "NO">
         </CommandLineArgument>
         <CommandLineArgument
            argument = "OPTIN_STDERR YES"
            isEnabled = "YES">
         </CommandLineArgument>
         <CommandLineArgument
            argument = "-DisableHockeyUpdates 1"
            isEnabled = "NO">
         </CommandLineArgument>
         <CommandLineArgument
            argument = "-SkipFirstTimeUseChecks 1"
            isEnabled = "NO">
         </CommandLineArgument>
         <CommandLineArgument
            argument = "-UseHockey 1"
            isEnabled = "NO">
         </CommandLineArgument>
         <CommandLineArgument
            argument = "-ZMBackendEnvironmentType staging"
            isEnabled = "NO">
         </CommandLineArgument>
         <CommandLineArgument
            argument = "-UseAnalytics 1"
            isEnabled = "NO">
         </CommandLineArgument>
         <CommandLineArgument
            argument = "-ConsoleAnalytics"
            isEnabled = "NO">
         </CommandLineArgument>
      </CommandLineArguments>
      <EnvironmentVariables>
         <EnvironmentVariable
            key = "DYLD_PRINT_RPATHS"
            value = ""
            isEnabled = "NO">
         </EnvironmentVariable>
         <EnvironmentVariable
            key = "IMAGE_DIFF_DIR"
            value = "$(SOURCE_ROOT)/SnapshotResults"
            isEnabled = "YES">
         </EnvironmentVariable>
         <EnvironmentVariable
            key = "FB_REFERENCE_IMAGE_DIR"
            value = "$(SOURCE_ROOT)/$(PROJECT_NAME) Tests/ReferenceImages"
            isEnabled = "YES">
         </EnvironmentVariable>
         <EnvironmentVariable
            key = "ZMLOG_TAGS"
            value = "Network"
            isEnabled = "YES">
         </EnvironmentVariable>
         <EnvironmentVariable
            key = "DYLD_PRINT_LIBRARIES"
            value = ""
            isEnabled = "NO">
         </EnvironmentVariable>
      </EnvironmentVariables>
      <AdditionalOptions>
      </AdditionalOptions>
   </LaunchAction>
   <ProfileAction
      buildConfiguration = "Release"
      shouldUseLaunchSchemeArgsEnv = "YES"
      savedToolIdentifier = ""
      useCustomWorkingDirectory = "NO"
      debugDocumentVersioning = "YES">
      <BuildableProductRunnable
         runnableDebuggingMode = "0">
         <BuildableReference
            BuildableIdentifier = "primary"
            BlueprintIdentifier = "8F42C537199244A700288E4D"
            BuildableName = "Wire.app"
            BlueprintName = "Wire-iOS"
            ReferencedContainer = "container:Wire-iOS.xcodeproj">
         </BuildableReference>
      </BuildableProductRunnable>
   </ProfileAction>
   <AnalyzeAction
      buildConfiguration = "Debug">
   </AnalyzeAction>
   <ArchiveAction
      buildConfiguration = "Release"
      revealArchiveInOrganizer = "YES">
   </ArchiveAction>
</Scheme>
